
Microsoft Visual Studio Solution File, Format Version 12.00
Project("{FAE04EC0-301F-11D3-BF4B-00C04F79EFBC}") = "Api", "Api\Api.csproj", "{6D19B254-D4C7-4373-AC21-D250F56BA500}"
EndProject
Project("{FAE04EC0-301F-11D3-BF4B-00C04F79EFBC}") = "Logic", "Logic\Logic.csproj", "{CAC8E3A1-89DE-4BA1-ABBE-1CFCDA807331}"
EndProject
Project("{FAE04EC0-301F-11D3-BF4B-00C04F79EFBC}") = "Data", "Data\Data.csproj", "{3E327412-BD3A-4E87-B095-65714403D577}"
EndProject
Project("{2150E333-8FDC-42A3-9474-1A3956D46DE8}") = "Components", "Components", "{EDE0904E-5B18-4628-8876-6E1DD31B0C8F}"
EndProject
Global
	GlobalSection(SolutionConfigurationPlatforms) = preSolution
		Debug|Any CPU = Debug|Any CPU
		Release|Any CPU = Release|Any CPU
	EndGlobalSection
	GlobalSection(ProjectConfigurationPlatforms) = postSolution
		{6D19B254-D4C7-4373-AC21-D250F56BA500}.Debug|Any CPU.ActiveCfg = Debug|Any CPU
		{6D19B254-D4C7-4373-AC21-D250F56BA500}.Debug|Any CPU.Build.0 = Debug|Any CPU
		{6D19B254-D4C7-4373-AC21-D250F56BA500}.Release|Any CPU.ActiveCfg = Release|Any CPU
		{6D19B254-D4C7-4373-AC21-D250F56BA500}.Release|Any CPU.Build.0 = Release|Any CPU
		{CAC8E3A1-89DE-4BA1-ABBE-1CFCDA807331}.Debug|Any CPU.ActiveCfg = Debug|Any CPU
		{CAC8E3A1-89DE-4BA1-ABBE-1CFCDA807331}.Debug|Any CPU.Build.0 = Debug|Any CPU
		{CAC8E3A1-89DE-4BA1-ABBE-1CFCDA807331}.Release|Any CPU.ActiveCfg = Release|Any CPU
		{CAC8E3A1-89DE-4BA1-ABBE-1CFCDA807331}.Release|Any CPU.Build.0 = Release|Any CPU
		{3E327412-BD3A-4E87-B095-65714403D577}.Debug|Any CPU.ActiveCfg = Debug|Any CPU
		{3E327412-BD3A-4E87-B095-65714403D577}.Debug|Any CPU.Build.0 = Debug|Any CPU
		{3E327412-BD3A-4E87-B095-65714403D577}.Release|Any CPU.ActiveCfg = Release|Any CPU
		{3E327412-BD3A-4E87-B095-65714403D577}.Release|Any CPU.Build.0 = Release|Any CPU
	EndGlobalSection
	GlobalSection(NestedProjects) = preSolution
		{6D19B254-D4C7-4373-AC21-D250F56BA500} = {EDE0904E-5B18-4628-8876-6E1DD31B0C8F}
		{3E327412-BD3A-4E87-B095-65714403D577} = {EDE0904E-5B18-4628-8876-6E1DD31B0C8F}
		{CAC8E3A1-89DE-4BA1-ABBE-1CFCDA807331} = {EDE0904E-5B18-4628-8876-6E1DD31B0C8F}
	EndGlobalSection
EndGlobal
